
Microsoft Visual Studio Solution File, Format Version 12.00
# Visual Studio Version 17
VisualStudioVersion = 17.4.33205.214
MinimumVisualStudioVersion = 10.0.40219.1
Project("{FAE04EC0-301F-11D3-BF4B-00C04F79EFBC}") = "BlogSiteWithUmbraco", "BlogSiteWithUmbraco.csproj", "{801AE6F6-C821-4D71-87D5-633A0A887BA7}"
EndProject
Global
	GlobalSection(SolutionConfigurationPlatforms) = preSolution
		Debug|Any CPU = Debug|Any CPU
		Release|Any CPU = Release|Any CPU
	EndGlobalSection
	GlobalSection(ProjectConfigurationPlatforms) = postSolution
		{801AE6F6-C821-4D71-87D5-633A0A887BA7}.Debug|Any CPU.ActiveCfg = Debug|Any CPU
		{801AE6F6-C821-4D71-87D5-633A0A887BA7}.Debug|Any CPU.Build.0 = Debug|Any CPU
		{801AE6F6-C821-4D71-87D5-633A0A887BA7}.Release|Any CPU.ActiveCfg = Release|Any CPU
		{801AE6F6-C821-4D71-87D5-633A0A887BA7}.Release|Any CPU.Build.0 = Release|Any CPU
	EndGlobalSection
	GlobalSection(SolutionProperties) = preSolution
		HideSolutionNode = FALSE
	EndGlobalSection
	GlobalSection(ExtensibilityGlobals) = postSolution
		SolutionGuid = {2D2EB1E9-CEB3-425E-86C3-115DFB3F0F70}
	EndGlobalSection
EndGlobal
